{
  "version": 4,
  "terraform_version": "1.2.3",
  "serial": 259,
  "lineage": "be66ac01-48bb-6df4-1278-d906f440f97c",
  "outputs": {
    "private_pem": {
      "value": "-----BEGIN RSA PRIVATE KEY-----\nMIIJKAIBAAKCAgEAtQ8GMQ7p/qTUUYycyX8KY22ISYhh7DUs4m7ib+iY1JZNGWaB\nwCHEQ1cHDVPT5ogtR1KcgMRb8xApXjj7KZ82tnr0xI2RFRyrsxnAkMSF/5JH/MvH\n35HXx9uL6tBkJLR5rADXQ5RyJOPcmmu6um8ibZK14v2PbQngIpJeFB1es4MWVc/w\nnkvPT6j1e3iR0sx0c2rKczsZny5yCOJcOLptNeqlIzE+YaZd/mYgZuvYi2Vq71f/\njTaeRNFBxr+7WRjzpnzUor8BZKTj9kFVyRDIM8qm5jBwjsakb6DWGDl0UFDoIp0h\nOJGkBnFEVnztTW9rd1lUgYFdcgt3Oe1GQkr/QctcrOOQTW/ApE56yqUu9Qu5FMZ4\ngWDNQpaMYFhSXHz5icxNdGiC5cSn6aQIhLv+6LSjxfrs+hr80V5EZ6JQwt93votP\nBQNr1rSpnFPCIJoun2ePAshJLo+BjAz/72YilcrO/rNWfo/J7cY8qXXqxUCTtRsQ\nBZfNkEWgWZEcaNvCoE8kA+pPk+YKfdHw5G0dhK76aGhHTX1eAPeRrk8YkCxcsOQo\nVdJWpBL1wpuajItn4Yk/wWRAoFWNoBB3NpG28JUZCjGfx3UwdGzDmp5bIgHj3quL\nBFmljeN8AjbQ74YTvdiorrMD7V4V23/sfts/p2KxiwRvTT2zrQxCQA1sEW0CAwEA\nAQKCAgAh+yviUTZBgJYIqCdU+e7tMkV954bZWjGOXdlJv5HPdFYMCl0Xvj6jlNXR\n/oWqoqw80phk4nWPbN0WvgMFkMgn/3Oo4Bj2qWbgOlkV0oyDpuSz4Vsl7q1c6Sud\nanchHG4phg7gtB+oJMvmf4mQLAN+JSbV71jX0h6q3mWhyNFZR6UNffVfAENsY/2O\nqtZThePlNYnBjroEUic8258LVpHgqKVNsZRPp3XEpU43gtQldWdYfF+OFU4nBE8g\nCiQTWMeB27Pcx5RvWzMdqK19CxVIAyTH1xeI9GcwPDNyYHYgDM9Ej9EIWO07+E4n\nHVM8UUkOIUnm9GyhVt2Nlaa2EnVNhw61UuWuUbwemnG9Aow7MuuNtJeQCjt8qKsz\n0hI1UxC+Jy+VLr2C0crv7EVX0krcoq4SYk0MPGDFsWqUMdpZgDzxVhk8m5a3uXsl\nMUEg7PPIhNQ7ys9eqAjp4xBh6x9LIaznzxj+0d4lGNgcZtaPm9bMQblSAD+LaChF\nqLQ4n5r9EA3LcJ8dOY63EXA6rONSzTjBlFRDGThi2zogrkBTm32CPBcEiwjnExBD\nLJBpq8bmy2Yl39YreSQ4YAXv+8SlYqNmfQclCX1EnfKfnSzGiH6lisiPfSkCL1T5\ncH7whb4AFIOonW1AdwoquRSt0YbnG5esfIlRXDQvdh57mtKZ0QKCAQEA0JUPzxR8\nThjjMrhwC6nmstpELcTrws04bPBhSUExfngMatxhKrIvsan02U4AnyyjygMANPO7\nxxXiILY2+s5nj+sv3050l1rk66l3oOK2fkyXRxVKUXYl/RErD7qAtxajQ4BZq0O1\n2GgQLZkBkUFIxN6K6ZZIhUU0WJtuSOUcYKtN84As+u8Aj6AEtT7GDhWpbchrOHpC\ndwUzCrRg8ELt+ElEFc9TDDxWJ6quf+6bGrkyIKsArv1gGN+8aQmVIEUM2hQRRj8x\nj6xBdY3IEq4HM1lG3Ag1s9hHbdO9kqWFUhNHEiz/9di5lcWXjrN7egTrKa87zu4J\ncNHgCH2MSRfLBwKCAQEA3jgpk3a2lhL51TzUOZZrW3ombSJhNtxY/7yJpaC0/+DJ\nuWcpFqF5kH/gfrFwjlI/+Plp8EcIBIq7PuG91z4vzKBBWcdlnQhM8SbMxri9e/Dn\nOsR3zBeE9oRRwTMDYdjIofJ0KZtxqIsYzzo7mqwuwlar+OoicNM1uCkt3QgRNYAf\nQtrL5UAm7e+Uf7JzA+lPNqGnqg9S1ydZ4UWeczXVkuBwWkSvJWVv4vtcGpkU5s4Z\n1wlyE6tp4JvgEbFlzJe+yBLaG3aFZkJi2hZ8t4q6So/2RZoSC8Z2UordNi+OZ1DY\n9dvl/uYln6G7ggKsK0RhF9EbFr9U1ddRa7WuVA8+6wKCAQEAzZtCXCSba/iIbUT1\n3el66a7SKjPFGt9k0a4amDVVbo8z3lqixY2kCgO4wkRrxHwicE2I9KmV3mep4gj8\nJTs1Rt7U79DMiS4mHk+NBuC0d8dUD9Pi0G4ggFdeFUEJBHGiOjXZLkOui0X5PJlo\nvCCYdMfSMvPbRNO1B+sfSWffE0OJsZAVxr211d4tBeR9IwEjZH59gsyxm9VaPSEV\ntYCkR20hWkZmXNdVLgDHxoAUEMGhsiYepGBLS/mwJfI2N/sY8hd5977vQerRE+nQ\n4Oj/XBSTDu5g0YlOz+o7IsVaqE8sbbRCE7uxJPwDq70s6FjU3uBHmnF2iOm5Z2Uq\n1hpIHQKCAQBJuLwiTen5E8aKdam6iSqIqJeC8TrrJmLoRLYtmokxsnN57L124o8f\n3yytG1TKAoNyp9v7eLUyPIwuKln+xIS7EBdeH4aYeB5+im65JqTGL3+mwXM05ECa\nP/+XZsMifPbiszrSat1kGvFaHmmTwLeqhXJ8G8DdSVSzCgZLI9gBtcWpOkkWfxfr\nK+ZKDvuVOpuq9ipXgsnq0wVAdQZCFoQKPCdJ6ytn7qUV2moN8Oc8QvfTnTCZUe7I\nMy488GtjWpxSZ96v6bwL1s5Qp9EsWvu+rM/4+0otWeP7MlJ9HX3SzMGNnyxISjYF\nJXS9hwFzQTYs3pRsEYGlh89dOmLhREWNAoIBAGUbaYJfaUKQ6YmmEfDh1oH90bk1\nPlvfgQ8OswnnNCE1OHvCngo0JH4jq8dG0ogMI5FwJjOo4/Sk06GF9jD3f311UsXo\nQzkUE2/Q7viENrqVRN7cPa2FdkGSvQw6trl+kMC7+h2uprkozQgO5FicHc2ISSrh\nwPld/SEzYpjhX1kxH80H/ZAsFmFX5JQi3jVeXCePGxejf+8kq19E1R4Wdu1u6Ond\nBrz+ferx2zJtHAGwlZiyv7+B3w4vC/xXAE6xhbZPOQSte4XiARgH4Aqx9luKtY4/\n4YBixAtG/Ae5rY5KpyKsUE4o1VSbcmrl4W/sH4ueHwzrL43TGtJx6sYYQNQ=\n-----END RSA PRIVATE KEY-----\n",
      "type": "string",
      "sensitive": true
    }
  },
  "resources": [
    {
      "mode": "managed",
      "type": "aws_eip",
      "name": "nat",
      "provider": "provider[\"registry.terraform.io/hashicorp/aws\"]",
      "instances": [
        {
          "schema_version": 0,
          "attributes": {
            "address": null,
            "allocation_id": "eipalloc-0b450d8c47e505851",
            "associate_with_private_ip": null,
            "association_id": "",
            "carrier_ip": "",
            "customer_owned_ip": "",
            "customer_owned_ipv4_pool": "",
            "domain": "vpc",
            "id": "eipalloc-0b450d8c47e505851",
            "instance": "",
            "network_border_group": "us-east-1",
            "network_interface": "",
            "private_dns": null,
            "private_ip": "",
            "public_dns": "ec2-23-22-160-45.compute-1.amazonaws.com",
            "public_ip": "23.22.160.45",
            "public_ipv4_pool": "amazon",
            "tags": {
              "Name": "itay-zrihan-eip"
            },
            "tags_all": {
              "Name": "itay-zrihan-eip"
            },
            "timeouts": null,
            "vpc": true
          },
          "sensitive_attributes": [],
          "private": "eyJlMmJmYjczMC1lY2FhLTExZTYtOGY4OC0zNDM2M2JjN2M0YzAiOnsiZGVsZXRlIjoxODAwMDAwMDAwMDAsInJlYWQiOjkwMDAwMDAwMDAwMCwidXBkYXRlIjozMDAwMDAwMDAwMDB9fQ=="
        }
      ]
    },
    {
      "mode": "managed",
      "type": "aws_instance",
      "name": "ec2",
      "provider": "provider[\"registry.terraform.io/hashicorp/aws\"]",
      "instances": [
        {
          "status": "tainted",
          "schema_version": 1,
          "attributes": {
            "ami": "ami-053b0d53c279acc90",
            "arn": "arn:aws:ec2:us-east-1:030537463932:instance/i-01e7dcc29d0fa7025",
            "associate_public_ip_address": true,
            "availability_zone": "us-east-1a",
            "capacity_reservation_specification": [
              {
                "capacity_reservation_preference": "open",
                "capacity_reservation_target": []
              }
            ],
            "cpu_core_count": 4,
            "cpu_threads_per_core": 1,
            "credit_specification": [
              {
                "cpu_credits": "standard"
              }
            ],
            "disable_api_stop": false,
            "disable_api_termination": false,
            "ebs_block_device": [],
            "ebs_optimized": false,
            "enclave_options": [
              {
                "enabled": false
              }
            ],
            "ephemeral_block_device": [],
            "get_password_data": false,
            "hibernation": false,
            "host_id": null,
            "iam_instance_profile": "",
            "id": "i-01e7dcc29d0fa7025",
            "instance_initiated_shutdown_behavior": "stop",
            "instance_state": "running",
            "instance_type": "t2.xlarge",
            "ipv6_address_count": 0,
            "ipv6_addresses": [],
            "key_name": "keypair",
            "launch_template": [],
            "maintenance_options": [
              {
                "auto_recovery": "default"
              }
            ],
            "metadata_options": [
              {
                "http_endpoint": "enabled",
                "http_put_response_hop_limit": 1,
                "http_tokens": "optional",
                "instance_metadata_tags": "disabled"
              }
            ],
            "monitoring": false,
            "network_interface": [],
            "outpost_arn": "",
            "password_data": "",
            "placement_group": "",
            "placement_partition_number": null,
            "primary_network_interface_id": "eni-0da678894a96525ef",
            "private_dns": "ip-10-0-83-205.ec2.internal",
            "private_dns_name_options": [
              {
                "enable_resource_name_dns_a_record": false,
                "enable_resource_name_dns_aaaa_record": false,
                "hostname_type": "ip-name"
              }
            ],
            "private_ip": "10.0.83.205",
            "public_dns": "ec2-23-22-235-238.compute-1.amazonaws.com",
            "public_ip": "23.22.235.238",
            "root_block_device": [
              {
                "delete_on_termination": true,
                "device_name": "/dev/sda1",
                "encrypted": false,
                "iops": 100,
                "kms_key_id": "",
                "tags": {},
                "throughput": 0,
                "volume_id": "vol-00279c744b88ceb8e",
                "volume_size": 8,
                "volume_type": "gp2"
              }
            ],
            "secondary_private_ips": [],
            "security_groups": [
              "sg-00e38b6a53c546403"
            ],
            "source_dest_check": true,
            "subnet_id": "subnet-0fee212dbf8cbc392",
            "tags": {
              "Name": "itay-zrihan-ec2-instance"
            },
            "tags_all": {
              "Name": "itay-zrihan-ec2-instance"
            },
            "tenancy": "default",
            "timeouts": null,
            "user_data": null,
            "user_data_base64": "IyEgL2Jpbi9iYXNoIC14ZQ0KDQojIENoZWNrIGlmIHRoZSBzY3JpcHQgaXMgYmVpbmcgcnVuIGFzIHJvb3QNCmlmIFtbICRFVUlEIC1uZSAwIF1dOyB0aGVuDQogICAgZWNobyAiVGhpcyBzY3JpcHQgbXVzdCBiZSBydW4gYXMgcm9vdC4iDQogICAgZXhpdCAxDQpmaQ0KDQojIEFkZCB0aGUgdXNlciB0byB0aGUgc3VkbyBncm91cA0KdXNlcm1vZCAtYUcgc3VkbyB1YnVudHUNCg0KZWNobyAiVXNlciAndWJ1bnR1JyBoYXMgYmVlbiBncmFudGVkIHJvb3QgcHJpdmlsZWdlcy4iDQoNCiNvdXRwdXQgbG9nDQpleGVjID4gPih0ZWUgL3Zhci9sb2cvdXNlci1kYXRhLmxvZ3xsb2dnZXIgLXQgdXNlci1kYXRhIC1zIDI+L2Rldi9jb25zb2xlKSAyPiYxDQoNCiMgSW5zdGFsbCBrOHMNCnVzZXJtb2QgLWcgMCAtbyB1YnVudHUNCg0KYXB0IHVwZGF0ZSAmJiBhcHQgdXBncmFkZSAteQ0KDQpjdXJsIC1zZkwgaHR0cHM6Ly9nZXQuazNzLmlvIHwgc2ggLQ0KDQojIGluc3RhbGwgaGVsbQ0KDQp3Z2V0IGh0dHBzOi8vZ2V0LmhlbG0uc2gvaGVsbS12My45LjMtbGludXgtYW1kNjQudGFyLmd6DQoNCnRhciB4dmYgaGVsbS12My45LjMtbGludXgtYW1kNjQudGFyLmd6DQoNCm12IGxpbnV4LWFtZDY0L2hlbG0gL3Vzci9sb2NhbC9iaW4NCg0Kcm0gaGVsbSoNCg0KIyBpbnN0YWxsIFNlcnZpY2VzKFByb21ldGhldXMsTm9kZSBleHBvcnRlciBHcmFmYW5hLCAyMDQ4IGdhbWUpDQoNCmt1YmVjdGwgY3JlYXRlIG5zIGdyZWVucm9hZA0KDQprdWJlY3RsIGNvbmZpZyB2aWV3IC0tcmF3ID5+Ly5rdWJlL2NvbmZpZw0KDQojIDIwNDggDQoNCmt1YmVjdGwgYXBwbHkgLWYgL2hvbWUvdWJ1bnR1LzIwNDgueWFtbCANCg0KIyBtb25pdG9yaW5nIGhlbG0NCg0KaGVsbSByZXBvIGFkZCBwcm9tZXRoZXVzLWNvbW11bml0eSBodHRwczovL3Byb21ldGhldXMtY29tbXVuaXR5LmdpdGh1Yi5pby9oZWxtLWNoYXJ0cw0KDQpoZWxtIGluc3RhbGwgbW9uaXRvci1zdGFjayBwcm9tZXRoZXVzLWNvbW11bml0eS9rdWJlLXByb21ldGhldXMtc3RhY2sgLS1uYW1lc3BhY2UgZ3JlZW5yb2Fk",
            "user_data_replace_on_change": false,
            "volume_tags": null,
            "vpc_security_group_ids": [
              "sg-00e38b6a53c546403"
            ]
          },
          "sensitive_attributes": [],
          "private": "eyJlMmJmYjczMC1lY2FhLTExZTYtOGY4OC0zNDM2M2JjN2M0YzAiOnsiY3JlYXRlIjo2MDAwMDAwMDAwMDAsImRlbGV0ZSI6MTIwMDAwMDAwMDAwMCwidXBkYXRlIjo2MDAwMDAwMDAwMDB9LCJzY2hlbWFfdmVyc2lvbiI6IjEifQ==",
          "dependencies": [
            "aws_key_pair.default",
            "aws_security_group.itay-zrihan-sg-ec2-instance",
            "aws_subnet.public-us-east-1a",
            "aws_vpc.itay-zrihan-vpc",
            "tls_private_key.key"
          ]
        }
      ]
    },
    {
      "mode": "managed",
      "type": "aws_internet_gateway",
      "name": "itay-new-igw",
      "provider": "provider[\"registry.terraform.io/hashicorp/aws\"]",
      "instances": [
        {
          "schema_version": 0,
          "attributes": {
            "arn": "arn:aws:ec2:us-east-1:030537463932:internet-gateway/igw-0ab1c0323217c409d",
            "id": "igw-0ab1c0323217c409d",
            "owner_id": "030537463932",
            "tags": {
              "Name": "itay-zrihan-igw"
            },
            "tags_all": {
              "Name": "itay-zrihan-igw"
            },
            "timeouts": null,
            "vpc_id": "vpc-0bbfce55ae4648e3b"
          },
          "sensitive_attributes": [],
          "private": "eyJlMmJmYjczMC1lY2FhLTExZTYtOGY4OC0zNDM2M2JjN2M0YzAiOnsiY3JlYXRlIjoxMjAwMDAwMDAwMDAwLCJkZWxldGUiOjEyMDAwMDAwMDAwMDAsInVwZGF0ZSI6MTIwMDAwMDAwMDAwMH19",
          "dependencies": [
            "aws_vpc.itay-zrihan-vpc"
          ]
        }
      ]
    },
    {
      "mode": "managed",
      "type": "aws_key_pair",
      "name": "default",
      "provider": "provider[\"registry.terraform.io/hashicorp/aws\"]",
      "instances": [
        {
          "schema_version": 1,
          "attributes": {
            "arn": "arn:aws:ec2:us-east-1:030537463932:key-pair/keypair",
            "fingerprint": "c1:2c:fc:40:eb:cb:78:f1:2f:74:0f:b1:16:24:c3:dd",
            "id": "keypair",
            "key_name": "keypair",
            "key_name_prefix": "",
            "key_pair_id": "key-02b0a61075e94b426",
            "key_type": "rsa",
            "public_key": "ssh-rsa AAAAB3NzaC1yc2EAAAADAQABAAACAQC1DwYxDun+pNRRjJzJfwpjbYhJiGHsNSzibuJv6JjUlk0ZZoHAIcRDVwcNU9PmiC1HUpyAxFvzECleOPspnza2evTEjZEVHKuzGcCQxIX/kkf8y8ffkdfH24vq0GQktHmsANdDlHIk49yaa7q6byJtkrXi/Y9tCeAikl4UHV6zgxZVz/CeS89PqPV7eJHSzHRzaspzOxmfLnII4lw4um016qUjMT5hpl3+ZiBm69iLZWrvV/+NNp5E0UHGv7tZGPOmfNSivwFkpOP2QVXJEMgzyqbmMHCOxqRvoNYYOXRQUOginSE4kaQGcURWfO1Nb2t3WVSBgV1yC3c57UZCSv9By1ys45BNb8CkTnrKpS71C7kUxniBYM1CloxgWFJcfPmJzE10aILlxKfppAiEu/7otKPF+uz6GvzRXkRnolDC33e+i08FA2vWtKmcU8Igmi6fZ48CyEkuj4GMDP/vZiKVys7+s1Z+j8ntxjypderFQJO1GxAFl82QRaBZkRxo28KgTyQD6k+T5gp90fDkbR2ErvpoaEdNfV4A95GuTxiQLFyw5ChV0lakEvXCm5qMi2fhiT/BZECgVY2gEHc2kbbwlRkKMZ/HdTB0bMOanlsiAePeq4sEWaWN43wCNtDvhhO92KiuswPtXhXbf+x+2z+nYrGLBG9NPbOtDEJADWwRbQ==",
            "tags": {
              "Name": "itay-zrihan-keypair"
            },
            "tags_all": {
              "Name": "itay-zrihan-keypair"
            }
          },
          "sensitive_attributes": [],
          "private": "eyJzY2hlbWFfdmVyc2lvbiI6IjEifQ==",
          "dependencies": [
            "tls_private_key.key"
          ]
        }
      ]
    },
    {
      "mode": "managed",
      "type": "aws_nat_gateway",
      "name": "nat",
      "provider": "provider[\"registry.terraform.io/hashicorp/aws\"]",
      "instances": [
        {
          "schema_version": 0,
          "attributes": {
            "allocation_id": "eipalloc-0b450d8c47e505851",
            "connectivity_type": "public",
            "id": "nat-0b7d4b3d0f78940d4",
            "network_interface_id": "eni-0317057edbf434abf",
            "private_ip": "10.0.93.34",
            "public_ip": "23.22.160.45",
            "subnet_id": "subnet-0fee212dbf8cbc392",
            "tags": {
              "Name": "itay-zrihan-nat"
            },
            "tags_all": {
              "Name": "itay-zrihan-nat"
            }
          },
          "sensitive_attributes": [],
          "private": "bnVsbA==",
          "dependencies": [
            "aws_eip.nat",
            "aws_internet_gateway.itay-new-igw",
            "aws_subnet.public-us-east-1a",
            "aws_vpc.itay-zrihan-vpc"
          ]
        }
      ]
    },
    {
      "mode": "managed",
      "type": "aws_route_table",
      "name": "private",
      "provider": "provider[\"registry.terraform.io/hashicorp/aws\"]",
      "instances": [
        {
          "schema_version": 0,
          "attributes": {
            "arn": "arn:aws:ec2:us-east-1:030537463932:route-table/rtb-074735f90b35618c5",
            "id": "rtb-074735f90b35618c5",
            "owner_id": "030537463932",
            "propagating_vgws": [],
            "route": [
              {
                "carrier_gateway_id": "",
                "cidr_block": "0.0.0.0/0",
                "core_network_arn": "",
                "destination_prefix_list_id": "",
                "egress_only_gateway_id": "",
                "gateway_id": "",
                "instance_id": "",
                "ipv6_cidr_block": "",
                "local_gateway_id": "",
                "nat_gateway_id": "nat-0b7d4b3d0f78940d4",
                "network_interface_id": "",
                "transit_gateway_id": "",
                "vpc_endpoint_id": "",
                "vpc_peering_connection_id": ""
              }
            ],
            "tags": {
              "Name": "itay-zrihan-private"
            },
            "tags_all": {
              "Name": "itay-zrihan-private"
            },
            "timeouts": null,
            "vpc_id": "vpc-0bbfce55ae4648e3b"
          },
          "sensitive_attributes": [],
          "private": "eyJlMmJmYjczMC1lY2FhLTExZTYtOGY4OC0zNDM2M2JjN2M0YzAiOnsiY3JlYXRlIjozMDAwMDAwMDAwMDAsImRlbGV0ZSI6MzAwMDAwMDAwMDAwLCJ1cGRhdGUiOjEyMDAwMDAwMDAwMH19",
          "dependencies": [
            "aws_eip.nat",
            "aws_internet_gateway.itay-new-igw",
            "aws_nat_gateway.nat",
            "aws_subnet.public-us-east-1a",
            "aws_vpc.itay-zrihan-vpc"
          ]
        }
      ]
    },
    {
      "mode": "managed",
      "type": "aws_route_table",
      "name": "public",
      "provider": "provider[\"registry.terraform.io/hashicorp/aws\"]",
      "instances": [
        {
          "schema_version": 0,
          "attributes": {
            "arn": "arn:aws:ec2:us-east-1:030537463932:route-table/rtb-0770d6a42448d9361",
            "id": "rtb-0770d6a42448d9361",
            "owner_id": "030537463932",
            "propagating_vgws": [],
            "route": [
              {
                "carrier_gateway_id": "",
                "cidr_block": "0.0.0.0/0",
                "core_network_arn": "",
                "destination_prefix_list_id": "",
                "egress_only_gateway_id": "",
                "gateway_id": "igw-0ab1c0323217c409d",
                "instance_id": "",
                "ipv6_cidr_block": "",
                "local_gateway_id": "",
                "nat_gateway_id": "",
                "network_interface_id": "",
                "transit_gateway_id": "",
                "vpc_endpoint_id": "",
                "vpc_peering_connection_id": ""
              }
            ],
            "tags": {
              "Name": "itay-zrihan-public"
            },
            "tags_all": {
              "Name": "itay-zrihan-public"
            },
            "timeouts": null,
            "vpc_id": "vpc-0bbfce55ae4648e3b"
          },
          "sensitive_attributes": [],
          "private": "eyJlMmJmYjczMC1lY2FhLTExZTYtOGY4OC0zNDM2M2JjN2M0YzAiOnsiY3JlYXRlIjozMDAwMDAwMDAwMDAsImRlbGV0ZSI6MzAwMDAwMDAwMDAwLCJ1cGRhdGUiOjEyMDAwMDAwMDAwMH19",
          "dependencies": [
            "aws_internet_gateway.itay-new-igw",
            "aws_vpc.itay-zrihan-vpc"
          ]
        }
      ]
    },
    {
      "mode": "managed",
      "type": "aws_route_table_association",
      "name": "private-us-east-1a",
      "provider": "provider[\"registry.terraform.io/hashicorp/aws\"]",
      "instances": [
        {
          "schema_version": 0,
          "attributes": {
            "gateway_id": "",
            "id": "rtbassoc-0671a9b486fc40def",
            "route_table_id": "rtb-074735f90b35618c5",
            "subnet_id": "subnet-07cc34978e5350c75"
          },
          "sensitive_attributes": [],
          "private": "bnVsbA==",
          "dependencies": [
            "aws_eip.nat",
            "aws_internet_gateway.itay-new-igw",
            "aws_nat_gateway.nat",
            "aws_route_table.private",
            "aws_subnet.private-us-east-1a",
            "aws_subnet.public-us-east-1a",
            "aws_vpc.itay-zrihan-vpc"
          ]
        }
      ]
    },
    {
      "mode": "managed",
      "type": "aws_route_table_association",
      "name": "private-us-east-1b",
      "provider": "provider[\"registry.terraform.io/hashicorp/aws\"]",
      "instances": [
        {
          "schema_version": 0,
          "attributes": {
            "gateway_id": "",
            "id": "rtbassoc-0950e592f3f66dfa0",
            "route_table_id": "rtb-074735f90b35618c5",
            "subnet_id": "subnet-0d015e7ef481dc162"
          },
          "sensitive_attributes": [],
          "private": "bnVsbA==",
          "dependencies": [
            "aws_eip.nat",
            "aws_internet_gateway.itay-new-igw",
            "aws_nat_gateway.nat",
            "aws_route_table.private",
            "aws_subnet.private-us-east-1b",
            "aws_subnet.public-us-east-1a",
            "aws_vpc.itay-zrihan-vpc"
          ]
        }
      ]
    },
    {
      "mode": "managed",
      "type": "aws_route_table_association",
      "name": "public-us-east-1a",
      "provider": "provider[\"registry.terraform.io/hashicorp/aws\"]",
      "instances": [
        {
          "schema_version": 0,
          "attributes": {
            "gateway_id": "",
            "id": "rtbassoc-04284ad7dc5cb6603",
            "route_table_id": "rtb-0770d6a42448d9361",
            "subnet_id": "subnet-0fee212dbf8cbc392"
          },
          "sensitive_attributes": [],
          "private": "bnVsbA==",
          "dependencies": [
            "aws_internet_gateway.itay-new-igw",
            "aws_route_table.public",
            "aws_subnet.public-us-east-1a",
            "aws_vpc.itay-zrihan-vpc"
          ]
        }
      ]
    },
    {
      "mode": "managed",
      "type": "aws_route_table_association",
      "name": "public-us-east-1b",
      "provider": "provider[\"registry.terraform.io/hashicorp/aws\"]",
      "instances": [
        {
          "schema_version": 0,
          "attributes": {
            "gateway_id": "",
            "id": "rtbassoc-0c938d49c05bbf1aa",
            "route_table_id": "rtb-0770d6a42448d9361",
            "subnet_id": "subnet-05e8002ce03b10a1e"
          },
          "sensitive_attributes": [],
          "private": "bnVsbA==",
          "dependencies": [
            "aws_internet_gateway.itay-new-igw",
            "aws_route_table.public",
            "aws_subnet.public-us-east-1b",
            "aws_vpc.itay-zrihan-vpc"
          ]
        }
      ]
    },
    {
      "mode": "managed",
      "type": "aws_security_group",
      "name": "itay-zrihan-sg-ec2-instance",
      "provider": "provider[\"registry.terraform.io/hashicorp/aws\"]",
      "instances": [
        {
          "schema_version": 1,
          "attributes": {
            "arn": "arn:aws:ec2:us-east-1:030537463932:security-group/sg-00e38b6a53c546403",
            "description": "Security group for EC2 instances",
            "egress": [
              {
                "cidr_blocks": [
                  "0.0.0.0/0"
                ],
                "description": "",
                "from_port": 0,
                "ipv6_cidr_blocks": [],
                "prefix_list_ids": [],
                "protocol": "-1",
                "security_groups": [],
                "self": false,
                "to_port": 0
              }
            ],
            "id": "sg-00e38b6a53c546403",
            "ingress": [
              {
                "cidr_blocks": [
                  "0.0.0.0/0"
                ],
                "description": "",
                "from_port": 22,
                "ipv6_cidr_blocks": [],
                "prefix_list_ids": [],
                "protocol": "tcp",
                "security_groups": [],
                "self": false,
                "to_port": 22
              },
              {
                "cidr_blocks": [
                  "0.0.0.0/0"
                ],
                "description": "",
                "from_port": 443,
                "ipv6_cidr_blocks": [],
                "prefix_list_ids": [],
                "protocol": "tcp",
                "security_groups": [],
                "self": false,
                "to_port": 443
              },
              {
                "cidr_blocks": [
                  "0.0.0.0/0"
                ],
                "description": "",
                "from_port": 80,
                "ipv6_cidr_blocks": [],
                "prefix_list_ids": [],
                "protocol": "tcp",
                "security_groups": [],
                "self": false,
                "to_port": 80
              }
            ],
            "name": "itay-zrihan-sg-ec2-instance",
            "name_prefix": "",
            "owner_id": "030537463932",
            "revoke_rules_on_delete": false,
            "tags": {
              "Name": "itay-zrihan-SG"
            },
            "tags_all": {
              "Name": "itay-zrihan-SG"
            },
            "timeouts": null,
            "vpc_id": "vpc-0bbfce55ae4648e3b"
          },
          "sensitive_attributes": [],
          "private": "eyJlMmJmYjczMC1lY2FhLTExZTYtOGY4OC0zNDM2M2JjN2M0YzAiOnsiY3JlYXRlIjo2MDAwMDAwMDAwMDAsImRlbGV0ZSI6OTAwMDAwMDAwMDAwfSwic2NoZW1hX3ZlcnNpb24iOiIxIn0=",
          "dependencies": [
            "aws_vpc.itay-zrihan-vpc"
          ]
        }
      ]
    },
    {
      "mode": "managed",
      "type": "aws_subnet",
      "name": "private-us-east-1a",
      "provider": "provider[\"registry.terraform.io/hashicorp/aws\"]",
      "instances": [
        {
          "schema_version": 1,
          "attributes": {
            "arn": "arn:aws:ec2:us-east-1:030537463932:subnet/subnet-07cc34978e5350c75",
            "assign_ipv6_address_on_creation": false,
            "availability_zone": "us-east-1a",
            "availability_zone_id": "use1-az4",
            "cidr_block": "10.0.0.0/19",
            "customer_owned_ipv4_pool": "",
            "enable_dns64": false,
            "enable_resource_name_dns_a_record_on_launch": false,
            "enable_resource_name_dns_aaaa_record_on_launch": false,
            "id": "subnet-07cc34978e5350c75",
            "ipv6_cidr_block": "",
            "ipv6_cidr_block_association_id": "",
            "ipv6_native": false,
            "map_customer_owned_ip_on_launch": false,
            "map_public_ip_on_launch": false,
            "outpost_arn": "",
            "owner_id": "030537463932",
            "private_dns_hostname_type_on_launch": "ip-name",
            "tags": {
              "Name": "itay-zrihan-private-us-east-1a"
            },
            "tags_all": {
              "Name": "itay-zrihan-private-us-east-1a"
            },
            "timeouts": null,
            "vpc_id": "vpc-0bbfce55ae4648e3b"
          },
          "sensitive_attributes": [],
          "private": "eyJlMmJmYjczMC1lY2FhLTExZTYtOGY4OC0zNDM2M2JjN2M0YzAiOnsiY3JlYXRlIjo2MDAwMDAwMDAwMDAsImRlbGV0ZSI6MTIwMDAwMDAwMDAwMH0sInNjaGVtYV92ZXJzaW9uIjoiMSJ9",
          "dependencies": [
            "aws_vpc.itay-zrihan-vpc"
          ]
        }
      ]
    },
    {
      "mode": "managed",
      "type": "aws_subnet",
      "name": "private-us-east-1b",
      "provider": "provider[\"registry.terraform.io/hashicorp/aws\"]",
      "instances": [
        {
          "schema_version": 1,
          "attributes": {
            "arn": "arn:aws:ec2:us-east-1:030537463932:subnet/subnet-0d015e7ef481dc162",
            "assign_ipv6_address_on_creation": false,
            "availability_zone": "us-east-1b",
            "availability_zone_id": "use1-az6",
            "cidr_block": "10.0.32.0/19",
            "customer_owned_ipv4_pool": "",
            "enable_dns64": false,
            "enable_resource_name_dns_a_record_on_launch": false,
            "enable_resource_name_dns_aaaa_record_on_launch": false,
            "id": "subnet-0d015e7ef481dc162",
            "ipv6_cidr_block": "",
            "ipv6_cidr_block_association_id": "",
            "ipv6_native": false,
            "map_customer_owned_ip_on_launch": false,
            "map_public_ip_on_launch": false,
            "outpost_arn": "",
            "owner_id": "030537463932",
            "private_dns_hostname_type_on_launch": "ip-name",
            "tags": {
              "Name": "itay-zrihan-private-us-east-1b"
            },
            "tags_all": {
              "Name": "itay-zrihan-private-us-east-1b"
            },
            "timeouts": null,
            "vpc_id": "vpc-0bbfce55ae4648e3b"
          },
          "sensitive_attributes": [],
          "private": "eyJlMmJmYjczMC1lY2FhLTExZTYtOGY4OC0zNDM2M2JjN2M0YzAiOnsiY3JlYXRlIjo2MDAwMDAwMDAwMDAsImRlbGV0ZSI6MTIwMDAwMDAwMDAwMH0sInNjaGVtYV92ZXJzaW9uIjoiMSJ9",
          "dependencies": [
            "aws_vpc.itay-zrihan-vpc"
          ]
        }
      ]
    },
    {
      "mode": "managed",
      "type": "aws_subnet",
      "name": "public-us-east-1a",
      "provider": "provider[\"registry.terraform.io/hashicorp/aws\"]",
      "instances": [
        {
          "schema_version": 1,
          "attributes": {
            "arn": "arn:aws:ec2:us-east-1:030537463932:subnet/subnet-0fee212dbf8cbc392",
            "assign_ipv6_address_on_creation": false,
            "availability_zone": "us-east-1a",
            "availability_zone_id": "use1-az4",
            "cidr_block": "10.0.64.0/19",
            "customer_owned_ipv4_pool": "",
            "enable_dns64": false,
            "enable_resource_name_dns_a_record_on_launch": false,
            "enable_resource_name_dns_aaaa_record_on_launch": false,
            "id": "subnet-0fee212dbf8cbc392",
            "ipv6_cidr_block": "",
            "ipv6_cidr_block_association_id": "",
            "ipv6_native": false,
            "map_customer_owned_ip_on_launch": false,
            "map_public_ip_on_launch": true,
            "outpost_arn": "",
            "owner_id": "030537463932",
            "private_dns_hostname_type_on_launch": "ip-name",
            "tags": {
              "Name": "itay-zrihan-public-us-east-1a"
            },
            "tags_all": {
              "Name": "itay-zrihan-public-us-east-1a"
            },
            "timeouts": null,
            "vpc_id": "vpc-0bbfce55ae4648e3b"
          },
          "sensitive_attributes": [],
          "private": "eyJlMmJmYjczMC1lY2FhLTExZTYtOGY4OC0zNDM2M2JjN2M0YzAiOnsiY3JlYXRlIjo2MDAwMDAwMDAwMDAsImRlbGV0ZSI6MTIwMDAwMDAwMDAwMH0sInNjaGVtYV92ZXJzaW9uIjoiMSJ9",
          "dependencies": [
            "aws_vpc.itay-zrihan-vpc"
          ]
        }
      ]
    },
    {
      "mode": "managed",
      "type": "aws_subnet",
      "name": "public-us-east-1b",
      "provider": "provider[\"registry.terraform.io/hashicorp/aws\"]",
      "instances": [
        {
          "schema_version": 1,
          "attributes": {
            "arn": "arn:aws:ec2:us-east-1:030537463932:subnet/subnet-05e8002ce03b10a1e",
            "assign_ipv6_address_on_creation": false,
            "availability_zone": "us-east-1b",
            "availability_zone_id": "use1-az6",
            "cidr_block": "10.0.96.0/19",
            "customer_owned_ipv4_pool": "",
            "enable_dns64": false,
            "enable_resource_name_dns_a_record_on_launch": false,
            "enable_resource_name_dns_aaaa_record_on_launch": false,
            "id": "subnet-05e8002ce03b10a1e",
            "ipv6_cidr_block": "",
            "ipv6_cidr_block_association_id": "",
            "ipv6_native": false,
            "map_customer_owned_ip_on_launch": false,
            "map_public_ip_on_launch": true,
            "outpost_arn": "",
            "owner_id": "030537463932",
            "private_dns_hostname_type_on_launch": "ip-name",
            "tags": {
              "Name": "itay-zrihan-public-us-east-1b"
            },
            "tags_all": {
              "Name": "itay-zrihan-public-us-east-1b"
            },
            "timeouts": null,
            "vpc_id": "vpc-0bbfce55ae4648e3b"
          },
          "sensitive_attributes": [],
          "private": "eyJlMmJmYjczMC1lY2FhLTExZTYtOGY4OC0zNDM2M2JjN2M0YzAiOnsiY3JlYXRlIjo2MDAwMDAwMDAwMDAsImRlbGV0ZSI6MTIwMDAwMDAwMDAwMH0sInNjaGVtYV92ZXJzaW9uIjoiMSJ9",
          "dependencies": [
            "aws_vpc.itay-zrihan-vpc"
          ]
        }
      ]
    },
    {
      "mode": "managed",
      "type": "aws_vpc",
      "name": "itay-zrihan-vpc",
      "provider": "provider[\"registry.terraform.io/hashicorp/aws\"]",
      "instances": [
        {
          "schema_version": 1,
          "attributes": {
            "arn": "arn:aws:ec2:us-east-1:030537463932:vpc/vpc-0bbfce55ae4648e3b",
            "assign_generated_ipv6_cidr_block": false,
            "cidr_block": "10.0.0.0/16",
            "default_network_acl_id": "acl-0df68489b347dc186",
            "default_route_table_id": "rtb-0c626de3595498325",
            "default_security_group_id": "sg-014cc8a0fb53953f6",
            "dhcp_options_id": "dopt-0fa1dce21b7dd73db",
            "enable_classiclink": false,
            "enable_classiclink_dns_support": false,
            "enable_dns_hostnames": true,
            "enable_dns_support": true,
            "id": "vpc-0bbfce55ae4648e3b",
            "instance_tenancy": "default",
            "ipv4_ipam_pool_id": null,
            "ipv4_netmask_length": null,
            "ipv6_association_id": "",
            "ipv6_cidr_block": "",
            "ipv6_cidr_block_network_border_group": "",
            "ipv6_ipam_pool_id": "",
            "ipv6_netmask_length": 0,
            "main_route_table_id": "rtb-0c626de3595498325",
            "owner_id": "030537463932",
            "tags": {
              "Name": "itay-zrihan-vpc"
            },
            "tags_all": {
              "Name": "itay-zrihan-vpc"
            }
          },
          "sensitive_attributes": [],
          "private": "eyJzY2hlbWFfdmVyc2lvbiI6IjEifQ=="
        }
      ]
    },
    {
      "mode": "managed",
      "type": "tls_private_key",
      "name": "key",
      "provider": "provider[\"registry.terraform.io/hashicorp/tls\"]",
      "instances": [
        {
          "schema_version": 1,
          "attributes": {
            "algorithm": "RSA",
            "ecdsa_curve": "P224",
            "id": "9c298f04dbf37c83c301d0a70b4e876899d0678b",
            "private_key_openssh": "-----BEGIN OPENSSH PRIVATE KEY-----\nb3BlbnNzaC1rZXktdjEAAAAABG5vbmUAAAAEbm9uZQAAAAAAAAABAAACFwAAAAdz\nc2gtcnNhAAAAAwEAAQAAAgEAtQ8GMQ7p/qTUUYycyX8KY22ISYhh7DUs4m7ib+iY\n1JZNGWaBwCHEQ1cHDVPT5ogtR1KcgMRb8xApXjj7KZ82tnr0xI2RFRyrsxnAkMSF\n/5JH/MvH35HXx9uL6tBkJLR5rADXQ5RyJOPcmmu6um8ibZK14v2PbQngIpJeFB1e\ns4MWVc/wnkvPT6j1e3iR0sx0c2rKczsZny5yCOJcOLptNeqlIzE+YaZd/mYgZuvY\ni2Vq71f/jTaeRNFBxr+7WRjzpnzUor8BZKTj9kFVyRDIM8qm5jBwjsakb6DWGDl0\nUFDoIp0hOJGkBnFEVnztTW9rd1lUgYFdcgt3Oe1GQkr/QctcrOOQTW/ApE56yqUu\n9Qu5FMZ4gWDNQpaMYFhSXHz5icxNdGiC5cSn6aQIhLv+6LSjxfrs+hr80V5EZ6JQ\nwt93votPBQNr1rSpnFPCIJoun2ePAshJLo+BjAz/72YilcrO/rNWfo/J7cY8qXXq\nxUCTtRsQBZfNkEWgWZEcaNvCoE8kA+pPk+YKfdHw5G0dhK76aGhHTX1eAPeRrk8Y\nkCxcsOQoVdJWpBL1wpuajItn4Yk/wWRAoFWNoBB3NpG28JUZCjGfx3UwdGzDmp5b\nIgHj3quLBFmljeN8AjbQ74YTvdiorrMD7V4V23/sfts/p2KxiwRvTT2zrQxCQA1s\nEW0AAAc4zj+Fac4/hWkAAAAHc3NoLXJzYQAAAgEAtQ8GMQ7p/qTUUYycyX8KY22I\nSYhh7DUs4m7ib+iY1JZNGWaBwCHEQ1cHDVPT5ogtR1KcgMRb8xApXjj7KZ82tnr0\nxI2RFRyrsxnAkMSF/5JH/MvH35HXx9uL6tBkJLR5rADXQ5RyJOPcmmu6um8ibZK1\n4v2PbQngIpJeFB1es4MWVc/wnkvPT6j1e3iR0sx0c2rKczsZny5yCOJcOLptNeql\nIzE+YaZd/mYgZuvYi2Vq71f/jTaeRNFBxr+7WRjzpnzUor8BZKTj9kFVyRDIM8qm\n5jBwjsakb6DWGDl0UFDoIp0hOJGkBnFEVnztTW9rd1lUgYFdcgt3Oe1GQkr/Qctc\nrOOQTW/ApE56yqUu9Qu5FMZ4gWDNQpaMYFhSXHz5icxNdGiC5cSn6aQIhLv+6LSj\nxfrs+hr80V5EZ6JQwt93votPBQNr1rSpnFPCIJoun2ePAshJLo+BjAz/72YilcrO\n/rNWfo/J7cY8qXXqxUCTtRsQBZfNkEWgWZEcaNvCoE8kA+pPk+YKfdHw5G0dhK76\naGhHTX1eAPeRrk8YkCxcsOQoVdJWpBL1wpuajItn4Yk/wWRAoFWNoBB3NpG28JUZ\nCjGfx3UwdGzDmp5bIgHj3quLBFmljeN8AjbQ74YTvdiorrMD7V4V23/sfts/p2Kx\niwRvTT2zrQxCQA1sEW0AAAADAQABAAACACH7K+JRNkGAlgioJ1T57u0yRX3nhtla\nMY5d2Um/kc90VgwKXRe+PqOU1dH+haqirDzSmGTidY9s3Ra+AwWQyCf/c6jgGPap\nZuA6WRXSjIOm5LPhWyXurVzpK51qdyEcbimGDuC0H6gky+Z/iZAsA34lJtXvWNfS\nHqreZaHI0VlHpQ199V8AQ2xj/Y6q1lOF4+U1icGOugRSJzzbnwtWkeCopU2xlE+n\ndcSlTjeC1CV1Z1h8X44VTicETyAKJBNYx4Hbs9zHlG9bMx2orX0LFUgDJMfXF4j0\nZzA8M3JgdiAMz0SP0QhY7Tv4TicdUzxRSQ4hSeb0bKFW3Y2VprYSdU2HDrVS5a5R\nvB6acb0CjDsy6420l5AKO3yoqzPSEjVTEL4nL5UuvYLRyu/sRVfSStyirhJiTQw8\nYMWxapQx2lmAPPFWGTyblre5eyUxQSDs88iE1DvKz16oCOnjEGHrH0shrOfPGP7R\n3iUY2Bxm1o+b1sxBuVIAP4toKEWotDifmv0QDctwnx05jrcRcDqs41LNOMGUVEMZ\nOGLbOiCuQFObfYI8FwSLCOcTEEMskGmrxubLZiXf1it5JDhgBe/7xKVio2Z9ByUJ\nfUSd8p+dLMaIfqWKyI99KQIvVPlwfvCFvgAUg6idbUB3Ciq5FK3Rhucbl6x8iVFc\nNC92Hnua0pnRAAABAGUbaYJfaUKQ6YmmEfDh1oH90bk1PlvfgQ8OswnnNCE1OHvC\nngo0JH4jq8dG0ogMI5FwJjOo4/Sk06GF9jD3f311UsXoQzkUE2/Q7viENrqVRN7c\nPa2FdkGSvQw6trl+kMC7+h2uprkozQgO5FicHc2ISSrhwPld/SEzYpjhX1kxH80H\n/ZAsFmFX5JQi3jVeXCePGxejf+8kq19E1R4Wdu1u6OndBrz+ferx2zJtHAGwlZiy\nv7+B3w4vC/xXAE6xhbZPOQSte4XiARgH4Aqx9luKtY4/4YBixAtG/Ae5rY5KpyKs\nUE4o1VSbcmrl4W/sH4ueHwzrL43TGtJx6sYYQNQAAAEBANCVD88UfE4Y4zK4cAup\n5rLaRC3E68LNOGzwYUlBMX54DGrcYSqyL7Gp9NlOAJ8so8oDADTzu8cV4iC2NvrO\nZ4/rL99OdJda5Oupd6Ditn5Ml0cVSlF2Jf0RKw+6gLcWo0OAWatDtdhoEC2ZAZFB\nSMTeiumWSIVFNFibbkjlHGCrTfOALPrvAI+gBLU+xg4VqW3Iazh6QncFMwq0YPBC\n7fhJRBXPUww8Vieqrn/umxq5MiCrAK79YBjfvGkJlSBFDNoUEUY/MY+sQXWNyBKu\nBzNZRtwINbPYR23TvZKlhVITRxIs//XYuZXFl46ze3oE6ymvO87uCXDR4Ah9jEkX\nywcAAAEBAN44KZN2tpYS+dU81DmWa1t6Jm0iYTbcWP+8iaWgtP/gyblnKRaheZB/\n4H6xcI5SP/j5afBHCASKuz7hvdc+L8ygQVnHZZ0ITPEmzMa4vXvw5zrEd8wXhPaE\nUcEzA2HYyKHydCmbcaiLGM86O5qsLsJWq/jqInDTNbgpLd0IETWAH0Lay+VAJu3v\nlH+ycwPpTzahp6oPUtcnWeFFnnM11ZLgcFpEryVlb+L7XBqZFObOGdcJchOraeCb\n4BGxZcyXvsgS2ht2hWZCYtoWfLeKukqP9kWaEgvGdlKK3TYvjmdQ2PXb5f7mJZ+h\nu4ICrCtEYRfRGxa/VNXXUWu1rlQPPusAAAAAAQID\n-----END OPENSSH PRIVATE KEY-----\n",
            "private_key_pem": "-----BEGIN RSA PRIVATE KEY-----\nMIIJKAIBAAKCAgEAtQ8GMQ7p/qTUUYycyX8KY22ISYhh7DUs4m7ib+iY1JZNGWaB\nwCHEQ1cHDVPT5ogtR1KcgMRb8xApXjj7KZ82tnr0xI2RFRyrsxnAkMSF/5JH/MvH\n35HXx9uL6tBkJLR5rADXQ5RyJOPcmmu6um8ibZK14v2PbQngIpJeFB1es4MWVc/w\nnkvPT6j1e3iR0sx0c2rKczsZny5yCOJcOLptNeqlIzE+YaZd/mYgZuvYi2Vq71f/\njTaeRNFBxr+7WRjzpnzUor8BZKTj9kFVyRDIM8qm5jBwjsakb6DWGDl0UFDoIp0h\nOJGkBnFEVnztTW9rd1lUgYFdcgt3Oe1GQkr/QctcrOOQTW/ApE56yqUu9Qu5FMZ4\ngWDNQpaMYFhSXHz5icxNdGiC5cSn6aQIhLv+6LSjxfrs+hr80V5EZ6JQwt93votP\nBQNr1rSpnFPCIJoun2ePAshJLo+BjAz/72YilcrO/rNWfo/J7cY8qXXqxUCTtRsQ\nBZfNkEWgWZEcaNvCoE8kA+pPk+YKfdHw5G0dhK76aGhHTX1eAPeRrk8YkCxcsOQo\nVdJWpBL1wpuajItn4Yk/wWRAoFWNoBB3NpG28JUZCjGfx3UwdGzDmp5bIgHj3quL\nBFmljeN8AjbQ74YTvdiorrMD7V4V23/sfts/p2KxiwRvTT2zrQxCQA1sEW0CAwEA\nAQKCAgAh+yviUTZBgJYIqCdU+e7tMkV954bZWjGOXdlJv5HPdFYMCl0Xvj6jlNXR\n/oWqoqw80phk4nWPbN0WvgMFkMgn/3Oo4Bj2qWbgOlkV0oyDpuSz4Vsl7q1c6Sud\nanchHG4phg7gtB+oJMvmf4mQLAN+JSbV71jX0h6q3mWhyNFZR6UNffVfAENsY/2O\nqtZThePlNYnBjroEUic8258LVpHgqKVNsZRPp3XEpU43gtQldWdYfF+OFU4nBE8g\nCiQTWMeB27Pcx5RvWzMdqK19CxVIAyTH1xeI9GcwPDNyYHYgDM9Ej9EIWO07+E4n\nHVM8UUkOIUnm9GyhVt2Nlaa2EnVNhw61UuWuUbwemnG9Aow7MuuNtJeQCjt8qKsz\n0hI1UxC+Jy+VLr2C0crv7EVX0krcoq4SYk0MPGDFsWqUMdpZgDzxVhk8m5a3uXsl\nMUEg7PPIhNQ7ys9eqAjp4xBh6x9LIaznzxj+0d4lGNgcZtaPm9bMQblSAD+LaChF\nqLQ4n5r9EA3LcJ8dOY63EXA6rONSzTjBlFRDGThi2zogrkBTm32CPBcEiwjnExBD\nLJBpq8bmy2Yl39YreSQ4YAXv+8SlYqNmfQclCX1EnfKfnSzGiH6lisiPfSkCL1T5\ncH7whb4AFIOonW1AdwoquRSt0YbnG5esfIlRXDQvdh57mtKZ0QKCAQEA0JUPzxR8\nThjjMrhwC6nmstpELcTrws04bPBhSUExfngMatxhKrIvsan02U4AnyyjygMANPO7\nxxXiILY2+s5nj+sv3050l1rk66l3oOK2fkyXRxVKUXYl/RErD7qAtxajQ4BZq0O1\n2GgQLZkBkUFIxN6K6ZZIhUU0WJtuSOUcYKtN84As+u8Aj6AEtT7GDhWpbchrOHpC\ndwUzCrRg8ELt+ElEFc9TDDxWJ6quf+6bGrkyIKsArv1gGN+8aQmVIEUM2hQRRj8x\nj6xBdY3IEq4HM1lG3Ag1s9hHbdO9kqWFUhNHEiz/9di5lcWXjrN7egTrKa87zu4J\ncNHgCH2MSRfLBwKCAQEA3jgpk3a2lhL51TzUOZZrW3ombSJhNtxY/7yJpaC0/+DJ\nuWcpFqF5kH/gfrFwjlI/+Plp8EcIBIq7PuG91z4vzKBBWcdlnQhM8SbMxri9e/Dn\nOsR3zBeE9oRRwTMDYdjIofJ0KZtxqIsYzzo7mqwuwlar+OoicNM1uCkt3QgRNYAf\nQtrL5UAm7e+Uf7JzA+lPNqGnqg9S1ydZ4UWeczXVkuBwWkSvJWVv4vtcGpkU5s4Z\n1wlyE6tp4JvgEbFlzJe+yBLaG3aFZkJi2hZ8t4q6So/2RZoSC8Z2UordNi+OZ1DY\n9dvl/uYln6G7ggKsK0RhF9EbFr9U1ddRa7WuVA8+6wKCAQEAzZtCXCSba/iIbUT1\n3el66a7SKjPFGt9k0a4amDVVbo8z3lqixY2kCgO4wkRrxHwicE2I9KmV3mep4gj8\nJTs1Rt7U79DMiS4mHk+NBuC0d8dUD9Pi0G4ggFdeFUEJBHGiOjXZLkOui0X5PJlo\nvCCYdMfSMvPbRNO1B+sfSWffE0OJsZAVxr211d4tBeR9IwEjZH59gsyxm9VaPSEV\ntYCkR20hWkZmXNdVLgDHxoAUEMGhsiYepGBLS/mwJfI2N/sY8hd5977vQerRE+nQ\n4Oj/XBSTDu5g0YlOz+o7IsVaqE8sbbRCE7uxJPwDq70s6FjU3uBHmnF2iOm5Z2Uq\n1hpIHQKCAQBJuLwiTen5E8aKdam6iSqIqJeC8TrrJmLoRLYtmokxsnN57L124o8f\n3yytG1TKAoNyp9v7eLUyPIwuKln+xIS7EBdeH4aYeB5+im65JqTGL3+mwXM05ECa\nP/+XZsMifPbiszrSat1kGvFaHmmTwLeqhXJ8G8DdSVSzCgZLI9gBtcWpOkkWfxfr\nK+ZKDvuVOpuq9ipXgsnq0wVAdQZCFoQKPCdJ6ytn7qUV2moN8Oc8QvfTnTCZUe7I\nMy488GtjWpxSZ96v6bwL1s5Qp9EsWvu+rM/4+0otWeP7MlJ9HX3SzMGNnyxISjYF\nJXS9hwFzQTYs3pRsEYGlh89dOmLhREWNAoIBAGUbaYJfaUKQ6YmmEfDh1oH90bk1\nPlvfgQ8OswnnNCE1OHvCngo0JH4jq8dG0ogMI5FwJjOo4/Sk06GF9jD3f311UsXo\nQzkUE2/Q7viENrqVRN7cPa2FdkGSvQw6trl+kMC7+h2uprkozQgO5FicHc2ISSrh\nwPld/SEzYpjhX1kxH80H/ZAsFmFX5JQi3jVeXCePGxejf+8kq19E1R4Wdu1u6Ond\nBrz+ferx2zJtHAGwlZiyv7+B3w4vC/xXAE6xhbZPOQSte4XiARgH4Aqx9luKtY4/\n4YBixAtG/Ae5rY5KpyKsUE4o1VSbcmrl4W/sH4ueHwzrL43TGtJx6sYYQNQ=\n-----END RSA PRIVATE KEY-----\n",
            "private_key_pem_pkcs8": "-----BEGIN PRIVATE KEY-----\nMIIJQgIBADANBgkqhkiG9w0BAQEFAASCCSwwggkoAgEAAoICAQC1DwYxDun+pNRR\njJzJfwpjbYhJiGHsNSzibuJv6JjUlk0ZZoHAIcRDVwcNU9PmiC1HUpyAxFvzECle\nOPspnza2evTEjZEVHKuzGcCQxIX/kkf8y8ffkdfH24vq0GQktHmsANdDlHIk49ya\na7q6byJtkrXi/Y9tCeAikl4UHV6zgxZVz/CeS89PqPV7eJHSzHRzaspzOxmfLnII\n4lw4um016qUjMT5hpl3+ZiBm69iLZWrvV/+NNp5E0UHGv7tZGPOmfNSivwFkpOP2\nQVXJEMgzyqbmMHCOxqRvoNYYOXRQUOginSE4kaQGcURWfO1Nb2t3WVSBgV1yC3c5\n7UZCSv9By1ys45BNb8CkTnrKpS71C7kUxniBYM1CloxgWFJcfPmJzE10aILlxKfp\npAiEu/7otKPF+uz6GvzRXkRnolDC33e+i08FA2vWtKmcU8Igmi6fZ48CyEkuj4GM\nDP/vZiKVys7+s1Z+j8ntxjypderFQJO1GxAFl82QRaBZkRxo28KgTyQD6k+T5gp9\n0fDkbR2ErvpoaEdNfV4A95GuTxiQLFyw5ChV0lakEvXCm5qMi2fhiT/BZECgVY2g\nEHc2kbbwlRkKMZ/HdTB0bMOanlsiAePeq4sEWaWN43wCNtDvhhO92KiuswPtXhXb\nf+x+2z+nYrGLBG9NPbOtDEJADWwRbQIDAQABAoICACH7K+JRNkGAlgioJ1T57u0y\nRX3nhtlaMY5d2Um/kc90VgwKXRe+PqOU1dH+haqirDzSmGTidY9s3Ra+AwWQyCf/\nc6jgGPapZuA6WRXSjIOm5LPhWyXurVzpK51qdyEcbimGDuC0H6gky+Z/iZAsA34l\nJtXvWNfSHqreZaHI0VlHpQ199V8AQ2xj/Y6q1lOF4+U1icGOugRSJzzbnwtWkeCo\npU2xlE+ndcSlTjeC1CV1Z1h8X44VTicETyAKJBNYx4Hbs9zHlG9bMx2orX0LFUgD\nJMfXF4j0ZzA8M3JgdiAMz0SP0QhY7Tv4TicdUzxRSQ4hSeb0bKFW3Y2VprYSdU2H\nDrVS5a5RvB6acb0CjDsy6420l5AKO3yoqzPSEjVTEL4nL5UuvYLRyu/sRVfSStyi\nrhJiTQw8YMWxapQx2lmAPPFWGTyblre5eyUxQSDs88iE1DvKz16oCOnjEGHrH0sh\nrOfPGP7R3iUY2Bxm1o+b1sxBuVIAP4toKEWotDifmv0QDctwnx05jrcRcDqs41LN\nOMGUVEMZOGLbOiCuQFObfYI8FwSLCOcTEEMskGmrxubLZiXf1it5JDhgBe/7xKVi\no2Z9ByUJfUSd8p+dLMaIfqWKyI99KQIvVPlwfvCFvgAUg6idbUB3Ciq5FK3Rhucb\nl6x8iVFcNC92Hnua0pnRAoIBAQDQlQ/PFHxOGOMyuHALqeay2kQtxOvCzThs8GFJ\nQTF+eAxq3GEqsi+xqfTZTgCfLKPKAwA087vHFeIgtjb6zmeP6y/fTnSXWuTrqXeg\n4rZ+TJdHFUpRdiX9ESsPuoC3FqNDgFmrQ7XYaBAtmQGRQUjE3orplkiFRTRYm25I\n5Rxgq03zgCz67wCPoAS1PsYOFaltyGs4ekJ3BTMKtGDwQu34SUQVz1MMPFYnqq5/\n7psauTIgqwCu/WAY37xpCZUgRQzaFBFGPzGPrEF1jcgSrgczWUbcCDWz2Edt072S\npYVSE0cSLP/12LmVxZeOs3t6BOsprzvO7glw0eAIfYxJF8sHAoIBAQDeOCmTdraW\nEvnVPNQ5lmtbeiZtImE23Fj/vImloLT/4Mm5ZykWoXmQf+B+sXCOUj/4+WnwRwgE\nirs+4b3XPi/MoEFZx2WdCEzxJszGuL178Oc6xHfMF4T2hFHBMwNh2Mih8nQpm3Go\nixjPOjuarC7CVqv46iJw0zW4KS3dCBE1gB9C2svlQCbt75R/snMD6U82oaeqD1LX\nJ1nhRZ5zNdWS4HBaRK8lZW/i+1wamRTmzhnXCXITq2ngm+ARsWXMl77IEtobdoVm\nQmLaFny3irpKj/ZFmhILxnZSit02L45nUNj12+X+5iWfobuCAqwrRGEX0RsWv1TV\n11Frta5UDz7rAoIBAQDNm0JcJJtr+IhtRPXd6XrprtIqM8Ua32TRrhqYNVVujzPe\nWqLFjaQKA7jCRGvEfCJwTYj0qZXeZ6niCPwlOzVG3tTv0MyJLiYeT40G4LR3x1QP\n0+LQbiCAV14VQQkEcaI6NdkuQ66LRfk8mWi8IJh0x9Iy89tE07UH6x9JZ98TQ4mx\nkBXGvbXV3i0F5H0jASNkfn2CzLGb1Vo9IRW1gKRHbSFaRmZc11UuAMfGgBQQwaGy\nJh6kYEtL+bAl8jY3+xjyF3n3vu9B6tET6dDg6P9cFJMO7mDRiU7P6jsixVqoTyxt\ntEITu7Ek/AOrvSzoWNTe4EeacXaI6blnZSrWGkgdAoIBAEm4vCJN6fkTxop1qbqJ\nKoiol4LxOusmYuhEti2aiTGyc3nsvXbijx/fLK0bVMoCg3Kn2/t4tTI8jC4qWf7E\nhLsQF14fhph4Hn6KbrkmpMYvf6bBczTkQJo//5dmwyJ89uKzOtJq3WQa8VoeaZPA\nt6qFcnwbwN1JVLMKBksj2AG1xak6SRZ/F+sr5koO+5U6m6r2KleCyerTBUB1BkIW\nhAo8J0nrK2fupRXaag3w5zxC99OdMJlR7sgzLjzwa2NanFJn3q/pvAvWzlCn0Sxa\n+76sz/j7Si1Z4/syUn0dfdLMwY2fLEhKNgUldL2HAXNBNizelGwRgaWHz106YuFE\nRY0CggEAZRtpgl9pQpDpiaYR8OHWgf3RuTU+W9+BDw6zCec0ITU4e8KeCjQkfiOr\nx0bSiAwjkXAmM6jj9KTToYX2MPd/fXVSxehDORQTb9Du+IQ2upVE3tw9rYV2QZK9\nDDq2uX6QwLv6Ha6muSjNCA7kWJwdzYhJKuHA+V39ITNimOFfWTEfzQf9kCwWYVfk\nlCLeNV5cJ48bF6N/7ySrX0TVHhZ27W7o6d0GvP596vHbMm0cAbCVmLK/v4HfDi8L\n/FcATrGFtk85BK17heIBGAfgCrH2W4q1jj/hgGLEC0b8B7mtjkqnIqxQTijVVJty\nauXhb+wfi54fDOsvjdMa0nHqxhhA1A==\n-----END PRIVATE KEY-----\n",
            "public_key_fingerprint_md5": "7d:38:2d:1d:fc:c7:49:bf:18:d4:a3:9c:9e:8b:76:32",
            "public_key_fingerprint_sha256": "SHA256:xUYWJepv7P4MIybTp1TUNG3NwVpZD6GTlWPk+KyG94g",
            "public_key_openssh": "ssh-rsa AAAAB3NzaC1yc2EAAAADAQABAAACAQC1DwYxDun+pNRRjJzJfwpjbYhJiGHsNSzibuJv6JjUlk0ZZoHAIcRDVwcNU9PmiC1HUpyAxFvzECleOPspnza2evTEjZEVHKuzGcCQxIX/kkf8y8ffkdfH24vq0GQktHmsANdDlHIk49yaa7q6byJtkrXi/Y9tCeAikl4UHV6zgxZVz/CeS89PqPV7eJHSzHRzaspzOxmfLnII4lw4um016qUjMT5hpl3+ZiBm69iLZWrvV/+NNp5E0UHGv7tZGPOmfNSivwFkpOP2QVXJEMgzyqbmMHCOxqRvoNYYOXRQUOginSE4kaQGcURWfO1Nb2t3WVSBgV1yC3c57UZCSv9By1ys45BNb8CkTnrKpS71C7kUxniBYM1CloxgWFJcfPmJzE10aILlxKfppAiEu/7otKPF+uz6GvzRXkRnolDC33e+i08FA2vWtKmcU8Igmi6fZ48CyEkuj4GMDP/vZiKVys7+s1Z+j8ntxjypderFQJO1GxAFl82QRaBZkRxo28KgTyQD6k+T5gp90fDkbR2ErvpoaEdNfV4A95GuTxiQLFyw5ChV0lakEvXCm5qMi2fhiT/BZECgVY2gEHc2kbbwlRkKMZ/HdTB0bMOanlsiAePeq4sEWaWN43wCNtDvhhO92KiuswPtXhXbf+x+2z+nYrGLBG9NPbOtDEJADWwRbQ==\n",
            "public_key_pem": "-----BEGIN PUBLIC KEY-----\nMIICIjANBgkqhkiG9w0BAQEFAAOCAg8AMIICCgKCAgEAtQ8GMQ7p/qTUUYycyX8K\nY22ISYhh7DUs4m7ib+iY1JZNGWaBwCHEQ1cHDVPT5ogtR1KcgMRb8xApXjj7KZ82\ntnr0xI2RFRyrsxnAkMSF/5JH/MvH35HXx9uL6tBkJLR5rADXQ5RyJOPcmmu6um8i\nbZK14v2PbQngIpJeFB1es4MWVc/wnkvPT6j1e3iR0sx0c2rKczsZny5yCOJcOLpt\nNeqlIzE+YaZd/mYgZuvYi2Vq71f/jTaeRNFBxr+7WRjzpnzUor8BZKTj9kFVyRDI\nM8qm5jBwjsakb6DWGDl0UFDoIp0hOJGkBnFEVnztTW9rd1lUgYFdcgt3Oe1GQkr/\nQctcrOOQTW/ApE56yqUu9Qu5FMZ4gWDNQpaMYFhSXHz5icxNdGiC5cSn6aQIhLv+\n6LSjxfrs+hr80V5EZ6JQwt93votPBQNr1rSpnFPCIJoun2ePAshJLo+BjAz/72Yi\nlcrO/rNWfo/J7cY8qXXqxUCTtRsQBZfNkEWgWZEcaNvCoE8kA+pPk+YKfdHw5G0d\nhK76aGhHTX1eAPeRrk8YkCxcsOQoVdJWpBL1wpuajItn4Yk/wWRAoFWNoBB3NpG2\n8JUZCjGfx3UwdGzDmp5bIgHj3quLBFmljeN8AjbQ74YTvdiorrMD7V4V23/sfts/\np2KxiwRvTT2zrQxCQA1sEW0CAwEAAQ==\n-----END PUBLIC KEY-----\n",
            "rsa_bits": 4096
          },
          "sensitive_attributes": []
        }
      ]
    }
  ]
}
